
Microsoft Visual Studio Solution File, Format Version 12.00
# Visual Studio Version 17
VisualStudioVersion = 17.4.33122.133
MinimumVisualStudioVersion = 10.0.40219.1
Project("{9A19103F-16F7-4668-BE54-9A1E7A4F7556}") = "Barbershop", "Barbershop.csproj", "{002FDCF5-1340-452F-BB69-1E9EF02AD490}"
EndProject
Global
	GlobalSection(SolutionConfigurationPlatforms) = preSolution
		Debug|Any CPU = Debug|Any CPU
		Release|Any CPU = Release|Any CPU
	EndGlobalSection
	GlobalSection(ProjectConfigurationPlatforms) = postSolution
		{002FDCF5-1340-452F-BB69-1E9EF02AD490}.Debug|Any CPU.ActiveCfg = Debug|Any CPU
		{002FDCF5-1340-452F-BB69-1E9EF02AD490}.Debug|Any CPU.Build.0 = Debug|Any CPU
		{002FDCF5-1340-452F-BB69-1E9EF02AD490}.Release|Any CPU.ActiveCfg = Release|Any CPU
		{002FDCF5-1340-452F-BB69-1E9EF02AD490}.Release|Any CPU.Build.0 = Release|Any CPU
	EndGlobalSection
	GlobalSection(SolutionProperties) = preSolution
		HideSolutionNode = FALSE
	EndGlobalSection
	GlobalSection(ExtensibilityGlobals) = postSolution
		SolutionGuid = {A8864D8D-8821-4CC2-BCB4-777F20EC230B}
	EndGlobalSection
EndGlobal
